
Microsoft Visual Studio Solution File, Format Version 12.00
# Visual Studio Version 17
VisualStudioVersion = 17.6.33815.320
MinimumVisualStudioVersion = 10.0.40219.1
Project("{FAE04EC0-301F-11D3-BF4B-00C04F79EFBC}") = "testGit", "testGit\testGit.csproj", "{944FD38F-CE98-4ECF-9F78-C47BAAA7EED4}"
EndProject
Global
	GlobalSection(SolutionConfigurationPlatforms) = preSolution
		Debug|Any CPU = Debug|Any CPU
		Release|Any CPU = Release|Any CPU
	EndGlobalSection
	GlobalSection(ProjectConfigurationPlatforms) = postSolution
		{944FD38F-CE98-4ECF-9F78-C47BAAA7EED4}.Debug|Any CPU.ActiveCfg = Debug|Any CPU
		{944FD38F-CE98-4ECF-9F78-C47BAAA7EED4}.Debug|Any CPU.Build.0 = Debug|Any CPU
		{944FD38F-CE98-4ECF-9F78-C47BAAA7EED4}.Release|Any CPU.ActiveCfg = Release|Any CPU
		{944FD38F-CE98-4ECF-9F78-C47BAAA7EED4}.Release|Any CPU.Build.0 = Release|Any CPU
	EndGlobalSection
	GlobalSection(SolutionProperties) = preSolution
		HideSolutionNode = FALSE
	EndGlobalSection
	GlobalSection(ExtensibilityGlobals) = postSolution
		SolutionGuid = {F3EA44AF-DB91-4C74-8979-030BF26379A3}
	EndGlobalSection
EndGlobal
